
Microsoft Visual Studio Solution File, Format Version 12.00
# Visual Studio Version 17
VisualStudioVersion = 17.3.32804.467
MinimumVisualStudioVersion = 10.0.40219.1
Project("{2150E333-8FDC-42A3-9474-1A3956D46DE8}") = "Services", "Services", "{2B203051-B7B8-40ED-AF6A-2BFA68300E83}"
EndProject
Project("{2150E333-8FDC-42A3-9474-1A3956D46DE8}") = "Catalog", "Catalog", "{F23549DA-4E47-4BDB-9C91-E88DE91B7EF3}"
EndProject
Project("{9A19103F-16F7-4668-BE54-9A1E7A4F7556}") = "Catalog.API", "Catalog.API\Catalog.API.csproj", "{A6D59295-EAB3-4167-BFDC-1E0859C10BD2}"
EndProject
Project("{2150E333-8FDC-42A3-9474-1A3956D46DE8}") = "Solution Items", "Solution Items", "{ABC2807A-5F4D-4180-8719-13A298F4AA33}"
	ProjectSection(SolutionItems) = preProject
		docker-compose.override.yml = docker-compose.override.yml
	EndProjectSection
EndProject
Project("{E53339B2-1760-4266-BCC7-CA923CBCF16C}") = "docker-compose", "docker-compose.dcproj", "{F0FA5570-3420-423F-804A-D6D06709C46C}"
EndProject
Project("{9A19103F-16F7-4668-BE54-9A1E7A4F7556}") = "Basket.API", "Basket.API\Basket.API.csproj", "{A2C3D998-FF95-434F-ADCB-BB2D8397DFC6}"
EndProject
Project("{2150E333-8FDC-42A3-9474-1A3956D46DE8}") = "Basket", "Basket", "{AE88EA18-2435-488D-8399-7B5654BA5B60}"
EndProject
Project("{2150E333-8FDC-42A3-9474-1A3956D46DE8}") = "Discount", "Discount", "{A01E39BA-2C44-459F-8CA5-286D0E2284D6}"
EndProject
Project("{9A19103F-16F7-4668-BE54-9A1E7A4F7556}") = "Discount.API", "Discount.API\Discount.API.csproj", "{873A0702-C141-4B3A-ABB3-5B94E8C56C8F}"
EndProject
Project("{9A19103F-16F7-4668-BE54-9A1E7A4F7556}") = "Discount.Grpc", "Discount.Grpc\Discount.Grpc.csproj", "{C988213E-DD73-4053-B948-F6989F8EDFBA}"
EndProject
Project("{2150E333-8FDC-42A3-9474-1A3956D46DE8}") = "Ordering", "Ordering", "{883FAF18-44E5-41A8-A992-32D81099E534}"
EndProject
Project("{9A19103F-16F7-4668-BE54-9A1E7A4F7556}") = "Ordering.API", "Ordering.API\Ordering.API\Ordering.API.csproj", "{657BD2B2-E667-45DE-BBBC-71F34B711069}"
EndProject
Project("{9A19103F-16F7-4668-BE54-9A1E7A4F7556}") = "Ordering.Domain", "Ordering.Domain\Ordering.Domain\Ordering.Domain.csproj", "{1AEFF7DF-1C7F-4E1B-A8AE-76BD809FCB54}"
EndProject
Project("{9A19103F-16F7-4668-BE54-9A1E7A4F7556}") = "Ordering.Application", "Ordering.Application\Ordering.Application\Ordering.Application.csproj", "{37E2BB92-77D3-45DB-A947-509CFABF2CD5}"
EndProject
Project("{9A19103F-16F7-4668-BE54-9A1E7A4F7556}") = "Ordering.Infrastructure", "Ordering.Infrastructure\Ordering.Infrastructure\Ordering.Infrastructure.csproj", "{1358D94F-C84F-47E1-BB17-5810C24EE2A0}"
EndProject
Project("{2150E333-8FDC-42A3-9474-1A3956D46DE8}") = "BuildingBlocks", "BuildingBlocks", "{495822CD-C83F-42CD-8C64-9EC312DF7AF2}"
EndProject
Project("{9A19103F-16F7-4668-BE54-9A1E7A4F7556}") = "EventBus.Messages", "BuildingBlocks\EventBus.Messages\EventBus.Messages.csproj", "{5E2845DF-97DD-4D20-9D20-CD9B5260CD51}"
EndProject
Project("{2150E333-8FDC-42A3-9474-1A3956D46DE8}") = "ApiGateways", "ApiGateways", "{53B21432-F3AA-4EB6-8698-46CBDC35666B}"
EndProject
Project("{9A19103F-16F7-4668-BE54-9A1E7A4F7556}") = "OcelotApiGw", "OcelotApiGw\OcelotApiGw\OcelotApiGw.csproj", "{76E60054-5B2C-4530-B3BD-7F5FCA1FD08D}"
EndProject
Project("{9A19103F-16F7-4668-BE54-9A1E7A4F7556}") = "Shopping.Aggregator", "Shopping.Aggregator\Shopping.Aggregator\Shopping.Aggregator.csproj", "{E21C98FD-E0B2-4432-B75A-72973B9E0109}"
EndProject
Project("{2150E333-8FDC-42A3-9474-1A3956D46DE8}") = "WebApps", "WebApps", "{F3CC6F03-02B6-47BA-802E-D6892EB5CA69}"
EndProject
Project("{9A19103F-16F7-4668-BE54-9A1E7A4F7556}") = "AspnetRunBasics", "AspnetRunBasics\AspnetRunBasics\AspnetRunBasics.csproj", "{D7444BCE-DCAA-40C2-8B53-59D90A119F39}"
EndProject
Global
	GlobalSection(SolutionConfigurationPlatforms) = preSolution
		Debug|Any CPU = Debug|Any CPU
		Release|Any CPU = Release|Any CPU
	EndGlobalSection
	GlobalSection(ProjectConfigurationPlatforms) = postSolution
		{A6D59295-EAB3-4167-BFDC-1E0859C10BD2}.Debug|Any CPU.ActiveCfg = Debug|Any CPU
		{A6D59295-EAB3-4167-BFDC-1E0859C10BD2}.Debug|Any CPU.Build.0 = Debug|Any CPU
		{A6D59295-EAB3-4167-BFDC-1E0859C10BD2}.Release|Any CPU.ActiveCfg = Release|Any CPU
		{A6D59295-EAB3-4167-BFDC-1E0859C10BD2}.Release|Any CPU.Build.0 = Release|Any CPU
		{F0FA5570-3420-423F-804A-D6D06709C46C}.Debug|Any CPU.ActiveCfg = Debug|Any CPU
		{F0FA5570-3420-423F-804A-D6D06709C46C}.Debug|Any CPU.Build.0 = Debug|Any CPU
		{F0FA5570-3420-423F-804A-D6D06709C46C}.Release|Any CPU.ActiveCfg = Release|Any CPU
		{F0FA5570-3420-423F-804A-D6D06709C46C}.Release|Any CPU.Build.0 = Release|Any CPU
		{A2C3D998-FF95-434F-ADCB-BB2D8397DFC6}.Debug|Any CPU.ActiveCfg = Debug|Any CPU
		{A2C3D998-FF95-434F-ADCB-BB2D8397DFC6}.Debug|Any CPU.Build.0 = Debug|Any CPU
		{A2C3D998-FF95-434F-ADCB-BB2D8397DFC6}.Release|Any CPU.ActiveCfg = Release|Any CPU
		{A2C3D998-FF95-434F-ADCB-BB2D8397DFC6}.Release|Any CPU.Build.0 = Release|Any CPU
		{873A0702-C141-4B3A-ABB3-5B94E8C56C8F}.Debug|Any CPU.ActiveCfg = Debug|Any CPU
		{873A0702-C141-4B3A-ABB3-5B94E8C56C8F}.Debug|Any CPU.Build.0 = Debug|Any CPU
		{873A0702-C141-4B3A-ABB3-5B94E8C56C8F}.Release|Any CPU.ActiveCfg = Release|Any CPU
		{873A0702-C141-4B3A-ABB3-5B94E8C56C8F}.Release|Any CPU.Build.0 = Release|Any CPU
		{C988213E-DD73-4053-B948-F6989F8EDFBA}.Debug|Any CPU.ActiveCfg = Debug|Any CPU
		{C988213E-DD73-4053-B948-F6989F8EDFBA}.Debug|Any CPU.Build.0 = Debug|Any CPU
		{C988213E-DD73-4053-B948-F6989F8EDFBA}.Release|Any CPU.ActiveCfg = Release|Any CPU
		{C988213E-DD73-4053-B948-F6989F8EDFBA}.Release|Any CPU.Build.0 = Release|Any CPU
		{657BD2B2-E667-45DE-BBBC-71F34B711069}.Debug|Any CPU.ActiveCfg = Debug|Any CPU
		{657BD2B2-E667-45DE-BBBC-71F34B711069}.Debug|Any CPU.Build.0 = Debug|Any CPU
		{657BD2B2-E667-45DE-BBBC-71F34B711069}.Release|Any CPU.ActiveCfg = Release|Any CPU
		{657BD2B2-E667-45DE-BBBC-71F34B711069}.Release|Any CPU.Build.0 = Release|Any CPU
		{1AEFF7DF-1C7F-4E1B-A8AE-76BD809FCB54}.Debug|Any CPU.ActiveCfg = Debug|Any CPU
		{1AEFF7DF-1C7F-4E1B-A8AE-76BD809FCB54}.Debug|Any CPU.Build.0 = Debug|Any CPU
		{1AEFF7DF-1C7F-4E1B-A8AE-76BD809FCB54}.Release|Any CPU.ActiveCfg = Release|Any CPU
		{1AEFF7DF-1C7F-4E1B-A8AE-76BD809FCB54}.Release|Any CPU.Build.0 = Release|Any CPU
		{37E2BB92-77D3-45DB-A947-509CFABF2CD5}.Debug|Any CPU.ActiveCfg = Debug|Any CPU
		{37E2BB92-77D3-45DB-A947-509CFABF2CD5}.Debug|Any CPU.Build.0 = Debug|Any CPU
		{37E2BB92-77D3-45DB-A947-509CFABF2CD5}.Release|Any CPU.ActiveCfg = Release|Any CPU
		{37E2BB92-77D3-45DB-A947-509CFABF2CD5}.Release|Any CPU.Build.0 = Release|Any CPU
		{1358D94F-C84F-47E1-BB17-5810C24EE2A0}.Debug|Any CPU.ActiveCfg = Debug|Any CPU
		{1358D94F-C84F-47E1-BB17-5810C24EE2A0}.Debug|Any CPU.Build.0 = Debug|Any CPU
		{1358D94F-C84F-47E1-BB17-5810C24EE2A0}.Release|Any CPU.ActiveCfg = Release|Any CPU
		{1358D94F-C84F-47E1-BB17-5810C24EE2A0}.Release|Any CPU.Build.0 = Release|Any CPU
		{5E2845DF-97DD-4D20-9D20-CD9B5260CD51}.Debug|Any CPU.ActiveCfg = Debug|Any CPU
		{5E2845DF-97DD-4D20-9D20-CD9B5260CD51}.Debug|Any CPU.Build.0 = Debug|Any CPU
		{5E2845DF-97DD-4D20-9D20-CD9B5260CD51}.Release|Any CPU.ActiveCfg = Release|Any CPU
		{5E2845DF-97DD-4D20-9D20-CD9B5260CD51}.Release|Any CPU.Build.0 = Release|Any CPU
		{76E60054-5B2C-4530-B3BD-7F5FCA1FD08D}.Debug|Any CPU.ActiveCfg = Debug|Any CPU
		{76E60054-5B2C-4530-B3BD-7F5FCA1FD08D}.Debug|Any CPU.Build.0 = Debug|Any CPU
		{76E60054-5B2C-4530-B3BD-7F5FCA1FD08D}.Release|Any CPU.ActiveCfg = Release|Any CPU
		{76E60054-5B2C-4530-B3BD-7F5FCA1FD08D}.Release|Any CPU.Build.0 = Release|Any CPU
		{E21C98FD-E0B2-4432-B75A-72973B9E0109}.Debug|Any CPU.ActiveCfg = Debug|Any CPU
		{E21C98FD-E0B2-4432-B75A-72973B9E0109}.Debug|Any CPU.Build.0 = Debug|Any CPU
		{E21C98FD-E0B2-4432-B75A-72973B9E0109}.Release|Any CPU.ActiveCfg = Release|Any CPU
		{E21C98FD-E0B2-4432-B75A-72973B9E0109}.Release|Any CPU.Build.0 = Release|Any CPU
		{D7444BCE-DCAA-40C2-8B53-59D90A119F39}.Debug|Any CPU.ActiveCfg = Debug|Any CPU
		{D7444BCE-DCAA-40C2-8B53-59D90A119F39}.Debug|Any CPU.Build.0 = Debug|Any CPU
		{D7444BCE-DCAA-40C2-8B53-59D90A119F39}.Release|Any CPU.ActiveCfg = Release|Any CPU
		{D7444BCE-DCAA-40C2-8B53-59D90A119F39}.Release|Any CPU.Build.0 = Release|Any CPU
	EndGlobalSection
	GlobalSection(SolutionProperties) = preSolution
		HideSolutionNode = FALSE
	EndGlobalSection
	GlobalSection(NestedProjects) = preSolution
		{F23549DA-4E47-4BDB-9C91-E88DE91B7EF3} = {2B203051-B7B8-40ED-AF6A-2BFA68300E83}
		{A6D59295-EAB3-4167-BFDC-1E0859C10BD2} = {F23549DA-4E47-4BDB-9C91-E88DE91B7EF3}
		{A2C3D998-FF95-434F-ADCB-BB2D8397DFC6} = {AE88EA18-2435-488D-8399-7B5654BA5B60}
		{AE88EA18-2435-488D-8399-7B5654BA5B60} = {2B203051-B7B8-40ED-AF6A-2BFA68300E83}
		{A01E39BA-2C44-459F-8CA5-286D0E2284D6} = {2B203051-B7B8-40ED-AF6A-2BFA68300E83}
		{873A0702-C141-4B3A-ABB3-5B94E8C56C8F} = {A01E39BA-2C44-459F-8CA5-286D0E2284D6}
		{C988213E-DD73-4053-B948-F6989F8EDFBA} = {A01E39BA-2C44-459F-8CA5-286D0E2284D6}
		{883FAF18-44E5-41A8-A992-32D81099E534} = {2B203051-B7B8-40ED-AF6A-2BFA68300E83}
		{657BD2B2-E667-45DE-BBBC-71F34B711069} = {883FAF18-44E5-41A8-A992-32D81099E534}
		{1AEFF7DF-1C7F-4E1B-A8AE-76BD809FCB54} = {883FAF18-44E5-41A8-A992-32D81099E534}
		{37E2BB92-77D3-45DB-A947-509CFABF2CD5} = {883FAF18-44E5-41A8-A992-32D81099E534}
		{1358D94F-C84F-47E1-BB17-5810C24EE2A0} = {883FAF18-44E5-41A8-A992-32D81099E534}
		{5E2845DF-97DD-4D20-9D20-CD9B5260CD51} = {495822CD-C83F-42CD-8C64-9EC312DF7AF2}
		{76E60054-5B2C-4530-B3BD-7F5FCA1FD08D} = {53B21432-F3AA-4EB6-8698-46CBDC35666B}
		{E21C98FD-E0B2-4432-B75A-72973B9E0109} = {53B21432-F3AA-4EB6-8698-46CBDC35666B}
		{D7444BCE-DCAA-40C2-8B53-59D90A119F39} = {F3CC6F03-02B6-47BA-802E-D6892EB5CA69}
	EndGlobalSection
	GlobalSection(ExtensibilityGlobals) = postSolution
		SolutionGuid = {8BB12C14-018C-458C-B251-DF1F7FE9D483}
	EndGlobalSection
EndGlobal
